<?xml version="1.0" encoding="utf-8"?>
<Project ToolsVersion="4.0" xmlns="http://schemas.microsoft.com/developer/msbuild/2003">
  <ItemGroup>
    <Filter Include="소스 파일">
      <UniqueIdentifier>{4FC737F1-C7A5-4376-A066-2A32D752A2FF}</UniqueIdentifier>
      <Extensions>cpp;c;cc;cxx;def;odl;idl;hpj;bat;asm;asmx</Extensions>
    </Filter>
    <Filter Include="헤더 파일">
      <UniqueIdentifier>{93995380-89BD-4b04-88EB-625FBE52EBFB}</UniqueIdentifier>
      <Extensions>h;hpp;hxx;hm;inl;inc;xsd</Extensions>
    </Filter>
    <Filter Include="리소스 파일">
      <UniqueIdentifier>{67DA6AB6-F800-4c08-8B7A-83BB121AAD01}</UniqueIdentifier>
      <Extensions>rc;ico;cur;bmp;dlg;rc2;rct;bin;rgs;gif;jpg;jpeg;jpe;resx;tiff;tif;png;wav;mfcribbon-ms</Extensions>
    </Filter>
    <Filter Include="txt파일들">
      <UniqueIdentifier>{76bc65b9-a3b6-4792-8c03-59066c9d0c03}</UniqueIdentifier>
    </Filter>
  </ItemGroup>
  <ItemGroup>
    <ClCompile Include="Main.c">
      <Filter>소스 파일</Filter>
    </ClCompile>
    <ClCompile Include="GraphADT.c">
      <Filter>소스 파일</Filter>
    </ClCompile>
    <ClCompile Include="GonuInput.c">
      <Filter>소스 파일</Filter>
    </ClCompile>
    <ClCompile Include="ConsoleGraphics.c">
      <Filter>소스 파일</Filter>
    </ClCompile>
    <ClCompile Include="MainGame.c">
      <Filter>소스 파일</Filter>
    </ClCompile>
    <ClCompile Include="GameData.c">
      <Filter>소스 파일</Filter>
    </ClCompile>
    <ClCompile Include="MenuAndUI.c">
      <Filter>소스 파일</Filter>
    </ClCompile>
    <ClCompile Include="Stack.c">
      <Filter>소스 파일</Filter>
    </ClCompile>
    <ClCompile Include="Rull.c">
      <Filter>소스 파일</Filter>
    </ClCompile>
    <ClCompile Include="gonuDebug.c">
      <Filter>소스 파일</Filter>
    </ClCompile>
    <ClCompile Include="StringQueue.c">
      <Filter>소스 파일</Filter>
    </ClCompile>
  </ItemGroup>
  <ItemGroup>
    <ClInclude Include="GraphADT.h">
      <Filter>헤더 파일</Filter>
    </ClInclude>
    <ClInclude Include="GonuInput.h">
      <Filter>헤더 파일</Filter>
    </ClInclude>
    <ClInclude Include="ConsoleGraphics.h">
      <Filter>헤더 파일</Filter>
    </ClInclude>
    <ClInclude Include="GameData.h">
      <Filter>헤더 파일</Filter>
    </ClInclude>
    <ClInclude Include="MainGame.h">
      <Filter>헤더 파일</Filter>
    </ClInclude>
    <ClInclude Include="MenuAndUI.h">
      <Filter>헤더 파일</Filter>
    </ClInclude>
    <ClInclude Include="Stack.h">
      <Filter>헤더 파일</Filter>
    </ClInclude>
    <ClInclude Include="Rull.h">
      <Filter>헤더 파일</Filter>
    </ClInclude>
    <ClInclude Include="gonuDebug.h">
      <Filter>헤더 파일</Filter>
    </ClInclude>
    <ClInclude Include="StringQueue.h">
      <Filter>헤더 파일</Filter>
    </ClInclude>
    <ClInclude Include="global.h">
      <Filter>헤더 파일</Filter>
    </ClInclude>
  </ItemGroup>
  <ItemGroup>
    <None Include="loadDataFile.txt">
      <Filter>txt파일들</Filter>
    </None>
    <None Include="본게임(newGame, playGame, endGame) 루틴 의사코드.txt">
      <Filter>txt파일들</Filter>
    </None>
    <None Include="몇가지 다른 함수들.txt">
      <Filter>txt파일들</Filter>
    </None>
    <None Include="endGame이 초기화시켜야 할 변수들.txt">
      <Filter>txt파일들</Filter>
    </None>
    <None Include="내 멋대로.txt">
      <Filter>txt파일들</Filter>
    </None>
  </ItemGroup>
</Project>